
Microsoft Visual Studio Solution File, Format Version 12.00
# Visual Studio Version 16
VisualStudioVersion = 16.0.29613.14
MinimumVisualStudioVersion = 10.0.40219.1
Project("{FAE04EC0-301F-11D3-BF4B-00C04F79EFBC}") = "Pomodoro Timer", "Pomodoro Timer\Pomodoro Timer.csproj", "{0C7B07B6-A8EC-4F1C-BDE2-96D4F23D7A38}"
EndProject
Global
	GlobalSection(SolutionConfigurationPlatforms) = preSolution
		Debug|Any CPU = Debug|Any CPU
		Release|Any CPU = Release|Any CPU
	EndGlobalSection
	GlobalSection(ProjectConfigurationPlatforms) = postSolution
		{0C7B07B6-A8EC-4F1C-BDE2-96D4F23D7A38}.Debug|Any CPU.ActiveCfg = Debug|Any CPU
		{0C7B07B6-A8EC-4F1C-BDE2-96D4F23D7A38}.Debug|Any CPU.Build.0 = Debug|Any CPU
		{0C7B07B6-A8EC-4F1C-BDE2-96D4F23D7A38}.Release|Any CPU.ActiveCfg = Release|Any CPU
		{0C7B07B6-A8EC-4F1C-BDE2-96D4F23D7A38}.Release|Any CPU.Build.0 = Release|Any CPU
	EndGlobalSection
	GlobalSection(SolutionProperties) = preSolution
		HideSolutionNode = FALSE
	EndGlobalSection
	GlobalSection(ExtensibilityGlobals) = postSolution
		SolutionGuid = {B894CAC6-82A2-4784-8AAE-9D4E8C74CD1B}
	EndGlobalSection
EndGlobal
